
Microsoft Visual Studio Solution File, Format Version 12.00
Project("{FAE04EC0-301F-11D3-BF4B-00C04F79EFBC}") = "RocDKST.Api", "RocDKST.Api\RocDKST.Api.csproj", "{EB915FDB-21B0-423B-A382-771C197A10AA}"
EndProject
Global
	GlobalSection(SolutionConfigurationPlatforms) = preSolution
		Debug|Any CPU = Debug|Any CPU
		Release|Any CPU = Release|Any CPU
	EndGlobalSection
	GlobalSection(ProjectConfigurationPlatforms) = postSolution
		{EB915FDB-21B0-423B-A382-771C197A10AA}.Debug|Any CPU.ActiveCfg = Debug|Any CPU
		{EB915FDB-21B0-423B-A382-771C197A10AA}.Debug|Any CPU.Build.0 = Debug|Any CPU
		{EB915FDB-21B0-423B-A382-771C197A10AA}.Release|Any CPU.ActiveCfg = Release|Any CPU
		{EB915FDB-21B0-423B-A382-771C197A10AA}.Release|Any CPU.Build.0 = Release|Any CPU
	EndGlobalSection
EndGlobal
